// !$*UTF8*$!
{
	archiveVersion = 1;
	classes = {
	};
	objectVersion = 77;
	objects = {

/* Begin PBXBuildFile section */
		14D2C3972DC90FB300B7BE46 /* SwiftUINFC in Frameworks */ = {isa = PBXBuildFile; productRef = 14D2C3962DC90FB300B7BE46 /* SwiftUINFC */; };
		3265F3622DC7499E006D8BFD /* Vapor in Frameworks */ = {isa = PBXBuildFile; productRef = 3265F3612DC7499E006D8BFD /* Vapor */; };
/* End PBXBuildFile section */

/* Begin PBXFileReference section */
		3265F3512DC74955006D8BFD /* Look Left Look Right.app */ = {isa = PBXFileReference; explicitFileType = wrapper.application; includeInIndex = 0; path = "Look Left Look Right.app"; sourceTree = BUILT_PRODUCTS_DIR; };
		3265F36A2DC74A3A006D8BFD /* Floor.app */ = {isa = PBXFileReference; explicitFileType = wrapper.application; includeInIndex = 0; path = Floor.app; sourceTree = BUILT_PRODUCTS_DIR; };
		32A7B2702DC7BE0B0038EAF3 /* Scan.app */ = {isa = PBXFileReference; explicitFileType = wrapper.application; includeInIndex = 0; path = Scan.app; sourceTree = BUILT_PRODUCTS_DIR; };
		32A7B2952DC7E5520038EAF3 /* Camera.app */ = {isa = PBXFileReference; explicitFileType = wrapper.application; includeInIndex = 0; path = Camera.app; sourceTree = BUILT_PRODUCTS_DIR; };
/* End PBXFileReference section */

/* Begin PBXFileSystemSynchronizedBuildFileExceptionSet section */
		14E504402DCD1220006C5D8D /* Exceptions for "Scan" folder in "Scan" target */ = {
			isa = PBXFileSystemSynchronizedBuildFileExceptionSet;
			membershipExceptions = (
				"Helpers/UIImage+cropAlpha.swift",
			);
			target = 32A7B26F2DC7BE0B0038EAF3 /* Scan */;
		};
		3265F3762DC74A46006D8BFD /* Exceptions for "Shared" folder in "Floor" target */ = {
			isa = PBXFileSystemSynchronizedBuildFileExceptionSet;
			membershipExceptions = (
				Constants.swift,
				Floor.swift,
				GameLayout.swift,
				GameTile.swift,
				"GameTile+Train.swift",
				"GameTile+TreePlacement.swift",
				Group.swift,
			);
			target = 3265F3692DC74A3A006D8BFD /* Floor */;
		};
		32A7B27C2DC7BE170038EAF3 /* Exceptions for "Shared" folder in "Scan" target */ = {
			isa = PBXFileSystemSynchronizedBuildFileExceptionSet;
			membershipExceptions = (
				Constants.swift,
				GameLayout.swift,
				GameTile.swift,
				"GameTile+Train.swift",
				"GameTile+TreePlacement.swift",
				Group.swift,
				ScanEntry.swift,
				StudentExport.swift,
			);
			target = 32A7B26F2DC7BE0B0038EAF3 /* Scan */;
		};
		32A7B2AE2DC7EE200038EAF3 /* Exceptions for "Shared" folder in "Camera" target */ = {
			isa = PBXFileSystemSynchronizedBuildFileExceptionSet;
			membershipExceptions = (
				Constants.swift,
				GameLayout.swift,
				GameTile.swift,
				"GameTile+Train.swift",
				"GameTile+TreePlacement.swift",
				Group.swift,
			);
			target = 32A7B2942DC7E5520038EAF3 /* Camera */;
		};
/* End PBXFileSystemSynchronizedBuildFileExceptionSet section */

/* Begin PBXFileSystemSynchronizedGroupBuildPhaseMembershipExceptionSet section */
		14E504412DCD1220006C5D8D /* Exceptions for "Scan" folder in "Copy Bundle Resources" phase from "Scan" target */ = {
			isa = PBXFileSystemSynchronizedGroupBuildPhaseMembershipExceptionSet;
			buildPhase = 32A7B26E2DC7BE0B0038EAF3 /* Resources */;
			membershipExceptions = (
				"Helpers/UIImage+cropAlpha.swift",
			);
		};
/* End PBXFileSystemSynchronizedGroupBuildPhaseMembershipExceptionSet section */

/* Begin PBXFileSystemSynchronizedRootGroup section */
		1461C3EB2DC90C99005F301B /* Scan */ = {
			isa = PBXFileSystemSynchronizedRootGroup;
			exceptions = (
				14E504402DCD1220006C5D8D /* Exceptions for "Scan" folder in "Scan" target */,
				14E504412DCD1220006C5D8D /* Exceptions for "Scan" folder in "Copy Bundle Resources" phase from "Scan" target */,
			);
			path = Scan;
			sourceTree = "<group>";
		};
		3265F3532DC74955006D8BFD /* Look Left Look Right */ = {
			isa = PBXFileSystemSynchronizedRootGroup;
			path = "Look Left Look Right";
			sourceTree = "<group>";
		};
		3265F3632DC749B6006D8BFD /* Shared */ = {
			isa = PBXFileSystemSynchronizedRootGroup;
			exceptions = (
				3265F3762DC74A46006D8BFD /* Exceptions for "Shared" folder in "Floor" target */,
				32A7B27C2DC7BE170038EAF3 /* Exceptions for "Shared" folder in "Scan" target */,
				32A7B2AE2DC7EE200038EAF3 /* Exceptions for "Shared" folder in "Camera" target */,
			);
			path = Shared;
			sourceTree = "<group>";
		};
		3265F36B2DC74A3A006D8BFD /* Floor */ = {
			isa = PBXFileSystemSynchronizedRootGroup;
			path = Floor;
			sourceTree = "<group>";
		};
		32A7B2962DC7E5520038EAF3 /* Camera */ = {
			isa = PBXFileSystemSynchronizedRootGroup;
			path = Camera;
			sourceTree = "<group>";
		};
/* End PBXFileSystemSynchronizedRootGroup section */

/* Begin PBXFrameworksBuildPhase section */
		3265F34E2DC74955006D8BFD /* Frameworks */ = {
			isa = PBXFrameworksBuildPhase;
			buildActionMask = 2147483647;
			files = (
				3265F3622DC7499E006D8BFD /* Vapor in Frameworks */,
			);
			runOnlyForDeploymentPostprocessing = 0;
		};
		3265F3672DC74A3A006D8BFD /* Frameworks */ = {
			isa = PBXFrameworksBuildPhase;
			buildActionMask = 2147483647;
			files = (
			);
			runOnlyForDeploymentPostprocessing = 0;
		};
		32A7B26D2DC7BE0B0038EAF3 /* Frameworks */ = {
			isa = PBXFrameworksBuildPhase;
			buildActionMask = 2147483647;
			files = (
				14D2C3972DC90FB300B7BE46 /* SwiftUINFC in Frameworks */,
			);
			runOnlyForDeploymentPostprocessing = 0;
		};
		32A7B2922DC7E5520038EAF3 /* Frameworks */ = {
			isa = PBXFrameworksBuildPhase;
			buildActionMask = 2147483647;
			files = (
			);
			runOnlyForDeploymentPostprocessing = 0;
		};
/* End PBXFrameworksBuildPhase section */

/* Begin PBXGroup section */
		14E503592DC91BC0006C5D8D /* Frameworks */ = {
			isa = PBXGroup;
			children = (
			);
			name = Frameworks;
			sourceTree = "<group>";
		};
		3265F3482DC74955006D8BFD = {
			isa = PBXGroup;
			children = (
				3265F3632DC749B6006D8BFD /* Shared */,
				32A7B2962DC7E5520038EAF3 /* Camera */,
				3265F3532DC74955006D8BFD /* Look Left Look Right */,
				3265F36B2DC74A3A006D8BFD /* Floor */,
				1461C3EB2DC90C99005F301B /* Scan */,
				14E503592DC91BC0006C5D8D /* Frameworks */,
				3265F3522DC74955006D8BFD /* Products */,
			);
			sourceTree = "<group>";
		};
		3265F3522DC74955006D8BFD /* Products */ = {
			isa = PBXGroup;
			children = (
				3265F3512DC74955006D8BFD /* Look Left Look Right.app */,
				3265F36A2DC74A3A006D8BFD /* Floor.app */,
				32A7B2702DC7BE0B0038EAF3 /* Scan.app */,
				32A7B2952DC7E5520038EAF3 /* Camera.app */,
			);
			name = Products;
			sourceTree = "<group>";
		};
/* End PBXGroup section */

/* Begin PBXNativeTarget section */
		3265F3502DC74955006D8BFD /* Look Left Look Right */ = {
			isa = PBXNativeTarget;
			buildConfigurationList = 3265F35D2DC74957006D8BFD /* Build configuration list for PBXNativeTarget "Look Left Look Right" */;
			buildPhases = (
				3265F34D2DC74955006D8BFD /* Sources */,
				3265F34E2DC74955006D8BFD /* Frameworks */,
				3265F34F2DC74955006D8BFD /* Resources */,
			);
			buildRules = (
			);
			dependencies = (
			);
			fileSystemSynchronizedGroups = (
				3265F3532DC74955006D8BFD /* Look Left Look Right */,
				3265F3632DC749B6006D8BFD /* Shared */,
			);
			name = "Look Left Look Right";
			packageProductDependencies = (
				3265F3612DC7499E006D8BFD /* Vapor */,
			);
			productName = "Look Left Look Right";
			productReference = 3265F3512DC74955006D8BFD /* Look Left Look Right.app */;
			productType = "com.apple.product-type.application";
		};
		3265F3692DC74A3A006D8BFD /* Floor */ = {
			isa = PBXNativeTarget;
			buildConfigurationList = 3265F3722DC74A3B006D8BFD /* Build configuration list for PBXNativeTarget "Floor" */;
			buildPhases = (
				3265F3662DC74A3A006D8BFD /* Sources */,
				3265F3672DC74A3A006D8BFD /* Frameworks */,
				3265F3682DC74A3A006D8BFD /* Resources */,
			);
			buildRules = (
			);
			dependencies = (
			);
			fileSystemSynchronizedGroups = (
				3265F36B2DC74A3A006D8BFD /* Floor */,
			);
			name = Floor;
			packageProductDependencies = (
			);
			productName = Floor;
			productReference = 3265F36A2DC74A3A006D8BFD /* Floor.app */;
			productType = "com.apple.product-type.application";
		};
		32A7B26F2DC7BE0B0038EAF3 /* Scan */ = {
			isa = PBXNativeTarget;
			buildConfigurationList = 32A7B2782DC7BE0C0038EAF3 /* Build configuration list for PBXNativeTarget "Scan" */;
			buildPhases = (
				32A7B26C2DC7BE0B0038EAF3 /* Sources */,
				32A7B26D2DC7BE0B0038EAF3 /* Frameworks */,
				32A7B26E2DC7BE0B0038EAF3 /* Resources */,
			);
			buildRules = (
			);
			dependencies = (
			);
			fileSystemSynchronizedGroups = (
				1461C3EB2DC90C99005F301B /* Scan */,
			);
			name = Scan;
			packageProductDependencies = (
				14D2C3962DC90FB300B7BE46 /* SwiftUINFC */,
			);
			productName = Scan;
			productReference = 32A7B2702DC7BE0B0038EAF3 /* Scan.app */;
			productType = "com.apple.product-type.application";
		};
		32A7B2942DC7E5520038EAF3 /* Camera */ = {
			isa = PBXNativeTarget;
			buildConfigurationList = 32A7B29D2DC7E5540038EAF3 /* Build configuration list for PBXNativeTarget "Camera" */;
			buildPhases = (
				32A7B2912DC7E5520038EAF3 /* Sources */,
				32A7B2922DC7E5520038EAF3 /* Frameworks */,
				32A7B2932DC7E5520038EAF3 /* Resources */,
			);
			buildRules = (
			);
			dependencies = (
			);
			fileSystemSynchronizedGroups = (
				32A7B2962DC7E5520038EAF3 /* Camera */,
			);
			name = Camera;
			packageProductDependencies = (
			);
			productName = Camera;
			productReference = 32A7B2952DC7E5520038EAF3 /* Camera.app */;
			productType = "com.apple.product-type.application";
		};
/* End PBXNativeTarget section */

/* Begin PBXProject section */
		3265F3492DC74955006D8BFD /* Project object */ = {
			isa = PBXProject;
			attributes = {
				BuildIndependentTargetsInParallel = 1;
				LastSwiftUpdateCheck = 1630;
				LastUpgradeCheck = 1630;
				TargetAttributes = {
					3265F3502DC74955006D8BFD = {
						CreatedOnToolsVersion = 16.3;
					};
					3265F3692DC74A3A006D8BFD = {
						CreatedOnToolsVersion = 16.3;
					};
					32A7B26F2DC7BE0B0038EAF3 = {
						CreatedOnToolsVersion = 16.3;
					};
					32A7B2942DC7E5520038EAF3 = {
						CreatedOnToolsVersion = 16.3;
					};
				};
			};
			buildConfigurationList = 3265F34C2DC74955006D8BFD /* Build configuration list for PBXProject "Look Left Look Right" */;
			developmentRegion = en;
			hasScannedForEncodings = 0;
			knownRegions = (
				en,
				Base,
			);
			mainGroup = 3265F3482DC74955006D8BFD;
			minimizedProjectReferenceProxies = 1;
			packageReferences = (
				3265F3602DC7499E006D8BFD /* XCRemoteSwiftPackageReference "vapor" */,
				14D2C3952DC90FB300B7BE46 /* XCRemoteSwiftPackageReference "SwiftUINFC" */,
			);
			preferredProjectObjectVersion = 77;
			productRefGroup = 3265F3522DC74955006D8BFD /* Products */;
			projectDirPath = "";
			projectRoot = "";
			targets = (
				3265F3502DC74955006D8BFD /* Look Left Look Right */,
				3265F3692DC74A3A006D8BFD /* Floor */,
				32A7B26F2DC7BE0B0038EAF3 /* Scan */,
				32A7B2942DC7E5520038EAF3 /* Camera */,
			);
		};
/* End PBXProject section */

/* Begin PBXResourcesBuildPhase section */
		3265F34F2DC74955006D8BFD /* Resources */ = {
			isa = PBXResourcesBuildPhase;
			buildActionMask = 2147483647;
			files = (
			);
			runOnlyForDeploymentPostprocessing = 0;
		};
		3265F3682DC74A3A006D8BFD /* Resources */ = {
			isa = PBXResourcesBuildPhase;
			buildActionMask = 2147483647;
			files = (
			);
			runOnlyForDeploymentPostprocessing = 0;
		};
		32A7B26E2DC7BE0B0038EAF3 /* Resources */ = {
			isa = PBXResourcesBuildPhase;
			buildActionMask = 2147483647;
			files = (
			);
			runOnlyForDeploymentPostprocessing = 0;
		};
		32A7B2932DC7E5520038EAF3 /* Resources */ = {
			isa = PBXResourcesBuildPhase;
			buildActionMask = 2147483647;
			files = (
			);
			runOnlyForDeploymentPostprocessing = 0;
		};
/* End PBXResourcesBuildPhase section */

/* Begin PBXSourcesBuildPhase section */
		3265F34D2DC74955006D8BFD /* Sources */ = {
			isa = PBXSourcesBuildPhase;
			buildActionMask = 2147483647;
			files = (
			);
			runOnlyForDeploymentPostprocessing = 0;
		};
		3265F3662DC74A3A006D8BFD /* Sources */ = {
			isa = PBXSourcesBuildPhase;
			buildActionMask = 2147483647;
			files = (
			);
			runOnlyForDeploymentPostprocessing = 0;
		};
		32A7B26C2DC7BE0B0038EAF3 /* Sources */ = {
			isa = PBXSourcesBuildPhase;
			buildActionMask = 2147483647;
			files = (
			);
			runOnlyForDeploymentPostprocessing = 0;
		};
		32A7B2912DC7E5520038EAF3 /* Sources */ = {
			isa = PBXSourcesBuildPhase;
			buildActionMask = 2147483647;
			files = (
			);
			runOnlyForDeploymentPostprocessing = 0;
		};
/* End PBXSourcesBuildPhase section */

/* Begin XCBuildConfiguration section */
		3265F35B2DC74957006D8BFD /* Debug */ = {
			isa = XCBuildConfiguration;
			buildSettings = {
				ALWAYS_SEARCH_USER_PATHS = NO;
				ASSETCATALOG_COMPILER_GENERATE_SWIFT_ASSET_SYMBOL_EXTENSIONS = YES;
				CLANG_ANALYZER_NONNULL = YES;
				CLANG_ANALYZER_NUMBER_OBJECT_CONVERSION = YES_AGGRESSIVE;
				CLANG_CXX_LANGUAGE_STANDARD = "gnu++20";
				CLANG_ENABLE_MODULES = YES;
				CLANG_ENABLE_OBJC_ARC = YES;
				CLANG_ENABLE_OBJC_WEAK = YES;
				CLANG_WARN_BLOCK_CAPTURE_AUTORELEASING = YES;
				CLANG_WARN_BOOL_CONVERSION = YES;
				CLANG_WARN_COMMA = YES;
				CLANG_WARN_CONSTANT_CONVERSION = YES;
				CLANG_WARN_DEPRECATED_OBJC_IMPLEMENTATIONS = YES;
				CLANG_WARN_DIRECT_OBJC_ISA_USAGE = YES_ERROR;
				CLANG_WARN_DOCUMENTATION_COMMENTS = YES;
				CLANG_WARN_EMPTY_BODY = YES;
				CLANG_WARN_ENUM_CONVERSION = YES;
				CLANG_WARN_INFINITE_RECURSION = YES;
				CLANG_WARN_INT_CONVERSION = YES;
				CLANG_WARN_NON_LITERAL_NULL_CONVERSION = YES;
				CLANG_WARN_OBJC_IMPLICIT_RETAIN_SELF = YES;
				CLANG_WARN_OBJC_LITERAL_CONVERSION = YES;
				CLANG_WARN_OBJC_ROOT_CLASS = YES_ERROR;
				CLANG_WARN_QUOTED_INCLUDE_IN_FRAMEWORK_HEADER = YES;
				CLANG_WARN_RANGE_LOOP_ANALYSIS = YES;
				CLANG_WARN_STRICT_PROTOTYPES = YES;
				CLANG_WARN_SUSPICIOUS_MOVE = YES;
				CLANG_WARN_UNGUARDED_AVAILABILITY = YES_AGGRESSIVE;
				CLANG_WARN_UNREACHABLE_CODE = YES;
				CLANG_WARN__DUPLICATE_METHOD_MATCH = YES;
				COPY_PHASE_STRIP = NO;
				DEBUG_INFORMATION_FORMAT = dwarf;
				DEVELOPMENT_TEAM = XL5JK4F896;
				ENABLE_STRICT_OBJC_MSGSEND = YES;
				ENABLE_TESTABILITY = YES;
				ENABLE_USER_SCRIPT_SANDBOXING = YES;
				GCC_C_LANGUAGE_STANDARD = gnu17;
				GCC_DYNAMIC_NO_PIC = NO;
				GCC_NO_COMMON_BLOCKS = YES;
				GCC_OPTIMIZATION_LEVEL = 0;
				GCC_PREPROCESSOR_DEFINITIONS = (
					"DEBUG=1",
					"$(inherited)",
				);
				GCC_WARN_64_TO_32_BIT_CONVERSION = YES;
				GCC_WARN_ABOUT_RETURN_TYPE = YES_ERROR;
				GCC_WARN_UNDECLARED_SELECTOR = YES;
				GCC_WARN_UNINITIALIZED_AUTOS = YES_AGGRESSIVE;
				GCC_WARN_UNUSED_FUNCTION = YES;
				GCC_WARN_UNUSED_VARIABLE = YES;
				LOCALIZATION_PREFERS_STRING_CATALOGS = YES;
				MACOSX_DEPLOYMENT_TARGET = 15.4;
				MTL_ENABLE_DEBUG_INFO = INCLUDE_SOURCE;
				MTL_FAST_MATH = YES;
				ONLY_ACTIVE_ARCH = YES;
				SDKROOT = macosx;
				SWIFT_ACTIVE_COMPILATION_CONDITIONS = "DEBUG $(inherited)";
				SWIFT_OPTIMIZATION_LEVEL = "-Onone";
			};
			name = Debug;
		};
		3265F35C2DC74957006D8BFD /* Release */ = {
			isa = XCBuildConfiguration;
			buildSettings = {
				ALWAYS_SEARCH_USER_PATHS = NO;
				ASSETCATALOG_COMPILER_GENERATE_SWIFT_ASSET_SYMBOL_EXTENSIONS = YES;
				CLANG_ANALYZER_NONNULL = YES;
				CLANG_ANALYZER_NUMBER_OBJECT_CONVERSION = YES_AGGRESSIVE;
				CLANG_CXX_LANGUAGE_STANDARD = "gnu++20";
				CLANG_ENABLE_MODULES = YES;
				CLANG_ENABLE_OBJC_ARC = YES;
				CLANG_ENABLE_OBJC_WEAK = YES;
				CLANG_WARN_BLOCK_CAPTURE_AUTORELEASING = YES;
				CLANG_WARN_BOOL_CONVERSION = YES;
				CLANG_WARN_COMMA = YES;
				CLANG_WARN_CONSTANT_CONVERSION = YES;
				CLANG_WARN_DEPRECATED_OBJC_IMPLEMENTATIONS = YES;
				CLANG_WARN_DIRECT_OBJC_ISA_USAGE = YES_ERROR;
				CLANG_WARN_DOCUMENTATION_COMMENTS = YES;
				CLANG_WARN_EMPTY_BODY = YES;
				CLANG_WARN_ENUM_CONVERSION = YES;
				CLANG_WARN_INFINITE_RECURSION = YES;
				CLANG_WARN_INT_CONVERSION = YES;
				CLANG_WARN_NON_LITERAL_NULL_CONVERSION = YES;
				CLANG_WARN_OBJC_IMPLICIT_RETAIN_SELF = YES;
				CLANG_WARN_OBJC_LITERAL_CONVERSION = YES;
				CLANG_WARN_OBJC_ROOT_CLASS = YES_ERROR;
				CLANG_WARN_QUOTED_INCLUDE_IN_FRAMEWORK_HEADER = YES;
				CLANG_WARN_RANGE_LOOP_ANALYSIS = YES;
				CLANG_WARN_STRICT_PROTOTYPES = YES;
				CLANG_WARN_SUSPICIOUS_MOVE = YES;
				CLANG_WARN_UNGUARDED_AVAILABILITY = YES_AGGRESSIVE;
				CLANG_WARN_UNREACHABLE_CODE = YES;
				CLANG_WARN__DUPLICATE_METHOD_MATCH = YES;
				COPY_PHASE_STRIP = NO;
				DEBUG_INFORMATION_FORMAT = "dwarf-with-dsym";
				DEVELOPMENT_TEAM = XL5JK4F896;
				ENABLE_NS_ASSERTIONS = NO;
				ENABLE_STRICT_OBJC_MSGSEND = YES;
				ENABLE_USER_SCRIPT_SANDBOXING = YES;
				GCC_C_LANGUAGE_STANDARD = gnu17;
				GCC_NO_COMMON_BLOCKS = YES;
				GCC_WARN_64_TO_32_BIT_CONVERSION = YES;
				GCC_WARN_ABOUT_RETURN_TYPE = YES_ERROR;
				GCC_WARN_UNDECLARED_SELECTOR = YES;
				GCC_WARN_UNINITIALIZED_AUTOS = YES_AGGRESSIVE;
				GCC_WARN_UNUSED_FUNCTION = YES;
				GCC_WARN_UNUSED_VARIABLE = YES;
				LOCALIZATION_PREFERS_STRING_CATALOGS = YES;
				MACOSX_DEPLOYMENT_TARGET = 15.4;
				MTL_ENABLE_DEBUG_INFO = NO;
				MTL_FAST_MATH = YES;
				SDKROOT = macosx;
				SWIFT_COMPILATION_MODE = wholemodule;
			};
			name = Release;
		};
		3265F35E2DC74957006D8BFD /* Debug */ = {
			isa = XCBuildConfiguration;
			buildSettings = {
				ASSETCATALOG_COMPILER_APPICON_NAME = AppIcon;
				ASSETCATALOG_COMPILER_GLOBAL_ACCENT_COLOR_NAME = AccentColor;
				CODE_SIGN_ENTITLEMENTS = "Look Left Look Right/Look_Left_Look_Right.entitlements";
				CODE_SIGN_STYLE = Automatic;
				COMBINE_HIDPI_IMAGES = YES;
				CURRENT_PROJECT_VERSION = 1;
				DEVELOPMENT_TEAM = XL5JK4F896;
				ENABLE_HARDENED_RUNTIME = YES;
				ENABLE_PREVIEWS = YES;
				GENERATE_INFOPLIST_FILE = YES;
				INFOPLIST_KEY_NSHumanReadableCopyright = "";
				LD_RUNPATH_SEARCH_PATHS = (
					"$(inherited)",
					"@executable_path/../Frameworks",
				);
				MARKETING_VERSION = 1.0;
				PRODUCT_BUNDLE_IDENTIFIER = "sg.swiftin.Look-Left-Look-Right";
				PRODUCT_NAME = "$(TARGET_NAME)";
				REGISTER_APP_GROUPS = YES;
				SWIFT_EMIT_LOC_STRINGS = YES;
				SWIFT_VERSION = 6.0;
			};
			name = Debug;
		};
		3265F35F2DC74957006D8BFD /* Release */ = {
			isa = XCBuildConfiguration;
			buildSettings = {
				ASSETCATALOG_COMPILER_APPICON_NAME = AppIcon;
				ASSETCATALOG_COMPILER_GLOBAL_ACCENT_COLOR_NAME = AccentColor;
				CODE_SIGN_ENTITLEMENTS = "Look Left Look Right/Look_Left_Look_Right.entitlements";
				CODE_SIGN_STYLE = Automatic;
				COMBINE_HIDPI_IMAGES = YES;
				CURRENT_PROJECT_VERSION = 1;
				DEVELOPMENT_TEAM = XL5JK4F896;
				ENABLE_HARDENED_RUNTIME = YES;
				ENABLE_PREVIEWS = YES;
				GENERATE_INFOPLIST_FILE = YES;
				INFOPLIST_KEY_NSHumanReadableCopyright = "";
				LD_RUNPATH_SEARCH_PATHS = (
					"$(inherited)",
					"@executable_path/../Frameworks",
				);
				MARKETING_VERSION = 1.0;
				PRODUCT_BUNDLE_IDENTIFIER = "sg.swiftin.Look-Left-Look-Right";
				PRODUCT_NAME = "$(TARGET_NAME)";
				REGISTER_APP_GROUPS = YES;
				SWIFT_EMIT_LOC_STRINGS = YES;
				SWIFT_VERSION = 6.0;
			};
			name = Release;
		};
		3265F3732DC74A3B006D8BFD /* Debug */ = {
			isa = XCBuildConfiguration;
			buildSettings = {
				ASSETCATALOG_COMPILER_APPICON_NAME = AppIcon;
				ASSETCATALOG_COMPILER_GLOBAL_ACCENT_COLOR_NAME = AccentColor;
				CODE_SIGN_STYLE = Automatic;
				CURRENT_PROJECT_VERSION = 1;
				DEVELOPMENT_TEAM = XL5JK4F896;
				ENABLE_PREVIEWS = YES;
				GENERATE_INFOPLIST_FILE = YES;
				INFOPLIST_KEY_UIApplicationSceneManifest_Generation = YES;
				INFOPLIST_KEY_UIApplicationSupportsIndirectInputEvents = YES;
				INFOPLIST_KEY_UILaunchScreen_Generation = YES;
				INFOPLIST_KEY_UISupportedInterfaceOrientations_iPad = "UIInterfaceOrientationPortrait UIInterfaceOrientationPortraitUpsideDown UIInterfaceOrientationLandscapeLeft UIInterfaceOrientationLandscapeRight";
				INFOPLIST_KEY_UISupportedInterfaceOrientations_iPhone = "UIInterfaceOrientationPortrait UIInterfaceOrientationLandscapeLeft UIInterfaceOrientationLandscapeRight";
				IPHONEOS_DEPLOYMENT_TARGET = 18.4;
				LD_RUNPATH_SEARCH_PATHS = (
					"$(inherited)",
					"@executable_path/Frameworks",
				);
				MARKETING_VERSION = 1.0;
				PRODUCT_BUNDLE_IDENTIFIER = sg.swiftin.Floor;
				PRODUCT_NAME = "$(TARGET_NAME)";
				SDKROOT = iphoneos;
				SWIFT_EMIT_LOC_STRINGS = YES;
				SWIFT_VERSION = 6.0;
				TARGETED_DEVICE_FAMILY = "1,2";
			};
			name = Debug;
		};
		3265F3742DC74A3B006D8BFD /* Release */ = {
			isa = XCBuildConfiguration;
			buildSettings = {
				ASSETCATALOG_COMPILER_APPICON_NAME = AppIcon;
				ASSETCATALOG_COMPILER_GLOBAL_ACCENT_COLOR_NAME = AccentColor;
				CODE_SIGN_STYLE = Automatic;
				CURRENT_PROJECT_VERSION = 1;
				DEVELOPMENT_TEAM = XL5JK4F896;
				ENABLE_PREVIEWS = YES;
				GENERATE_INFOPLIST_FILE = YES;
				INFOPLIST_KEY_UIApplicationSceneManifest_Generation = YES;
				INFOPLIST_KEY_UIApplicationSupportsIndirectInputEvents = YES;
				INFOPLIST_KEY_UILaunchScreen_Generation = YES;
				INFOPLIST_KEY_UISupportedInterfaceOrientations_iPad = "UIInterfaceOrientationPortrait UIInterfaceOrientationPortraitUpsideDown UIInterfaceOrientationLandscapeLeft UIInterfaceOrientationLandscapeRight";
				INFOPLIST_KEY_UISupportedInterfaceOrientations_iPhone = "UIInterfaceOrientationPortrait UIInterfaceOrientationLandscapeLeft UIInterfaceOrientationLandscapeRight";
				IPHONEOS_DEPLOYMENT_TARGET = 18.4;
				LD_RUNPATH_SEARCH_PATHS = (
					"$(inherited)",
					"@executable_path/Frameworks",
				);
				MARKETING_VERSION = 1.0;
				PRODUCT_BUNDLE_IDENTIFIER = sg.swiftin.Floor;
				PRODUCT_NAME = "$(TARGET_NAME)";
				SDKROOT = iphoneos;
				SWIFT_EMIT_LOC_STRINGS = YES;
				SWIFT_VERSION = 6.0;
				TARGETED_DEVICE_FAMILY = "1,2";
				VALIDATE_PRODUCT = YES;
			};
			name = Release;
		};
		32A7B2792DC7BE0C0038EAF3 /* Debug */ = {
			isa = XCBuildConfiguration;
			buildSettings = {
				ASSETCATALOG_COMPILER_APPICON_NAME = AppIcon;
				ASSETCATALOG_COMPILER_GLOBAL_ACCENT_COLOR_NAME = AccentColor;
				CODE_SIGN_ENTITLEMENTS = Scan/Scan.entitlements;
				CODE_SIGN_STYLE = Automatic;
				CURRENT_PROJECT_VERSION = 1;
				DEVELOPMENT_TEAM = XL5JK4F896;
				ENABLE_PREVIEWS = YES;
				GENERATE_INFOPLIST_FILE = YES;
				INFOPLIST_KEY_NFCReaderUsageDescription = "For scanning student badges";
				INFOPLIST_KEY_NSCameraUsageDescription = "To scan for student faces so they can be run over";
				INFOPLIST_KEY_UIApplicationSceneManifest_Generation = YES;
				INFOPLIST_KEY_UIApplicationSupportsIndirectInputEvents = YES;
				INFOPLIST_KEY_UILaunchScreen_Generation = YES;
				INFOPLIST_KEY_UISupportedInterfaceOrientations_iPad = "UIInterfaceOrientationPortrait UIInterfaceOrientationPortraitUpsideDown UIInterfaceOrientationLandscapeLeft UIInterfaceOrientationLandscapeRight";
				INFOPLIST_KEY_UISupportedInterfaceOrientations_iPhone = "UIInterfaceOrientationPortrait UIInterfaceOrientationLandscapeLeft UIInterfaceOrientationLandscapeRight";
				IPHONEOS_DEPLOYMENT_TARGET = 18.4;
				LD_RUNPATH_SEARCH_PATHS = (
					"$(inherited)",
					"@executable_path/Frameworks",
				);
				MARKETING_VERSION = 1.0;
				PRODUCT_BUNDLE_IDENTIFIER = sg.swiftin.Scan;
				PRODUCT_NAME = "$(TARGET_NAME)";
				SDKROOT = iphoneos;
				SWIFT_EMIT_LOC_STRINGS = YES;
				SWIFT_VERSION = 5.0;
				TARGETED_DEVICE_FAMILY = "1,2";
			};
			name = Debug;
		};
		32A7B27A2DC7BE0C0038EAF3 /* Release */ = {
			isa = XCBuildConfiguration;
			buildSettings = {
				ASSETCATALOG_COMPILER_APPICON_NAME = AppIcon;
				ASSETCATALOG_COMPILER_GLOBAL_ACCENT_COLOR_NAME = AccentColor;
				CODE_SIGN_ENTITLEMENTS = Scan/Scan.entitlements;
				CODE_SIGN_STYLE = Automatic;
				CURRENT_PROJECT_VERSION = 1;
				DEVELOPMENT_TEAM = XL5JK4F896;
				ENABLE_PREVIEWS = YES;
				GENERATE_INFOPLIST_FILE = YES;
				INFOPLIST_KEY_NFCReaderUsageDescription = "For scanning student badges";
				INFOPLIST_KEY_NSCameraUsageDescription = "To scan for student faces so they can be run over";
				INFOPLIST_KEY_UIApplicationSceneManifest_Generation = YES;
				INFOPLIST_KEY_UIApplicationSupportsIndirectInputEvents = YES;
				INFOPLIST_KEY_UILaunchScreen_Generation = YES;
				INFOPLIST_KEY_UISupportedInterfaceOrientations_iPad = "UIInterfaceOrientationPortrait UIInterfaceOrientationPortraitUpsideDown UIInterfaceOrientationLandscapeLeft UIInterfaceOrientationLandscapeRight";
				INFOPLIST_KEY_UISupportedInterfaceOrientations_iPhone = "UIInterfaceOrientationPortrait UIInterfaceOrientationLandscapeLeft UIInterfaceOrientationLandscapeRight";
				IPHONEOS_DEPLOYMENT_TARGET = 18.4;
				LD_RUNPATH_SEARCH_PATHS = (
					"$(inherited)",
					"@executable_path/Frameworks",
				);
				MARKETING_VERSION = 1.0;
				PRODUCT_BUNDLE_IDENTIFIER = sg.swiftin.Scan;
				PRODUCT_NAME = "$(TARGET_NAME)";
				SDKROOT = iphoneos;
				SWIFT_EMIT_LOC_STRINGS = YES;
				SWIFT_VERSION = 5.0;
				TARGETED_DEVICE_FAMILY = "1,2";
				VALIDATE_PRODUCT = YES;
			};
			name = Release;
		};
		32A7B29E2DC7E5540038EAF3 /* Debug */ = {
			isa = XCBuildConfiguration;
			buildSettings = {
				ASSETCATALOG_COMPILER_APPICON_NAME = AppIcon;
				ASSETCATALOG_COMPILER_GLOBAL_ACCENT_COLOR_NAME = AccentColor;
				CODE_SIGN_STYLE = Automatic;
				CURRENT_PROJECT_VERSION = 1;
				DEVELOPMENT_TEAM = XL5JK4F896;
				ENABLE_PREVIEWS = YES;
				GENERATE_INFOPLIST_FILE = YES;
				INFOPLIST_KEY_UIApplicationSceneManifest_Generation = YES;
				INFOPLIST_KEY_UIApplicationSupportsIndirectInputEvents = YES;
				INFOPLIST_KEY_UILaunchScreen_Generation = YES;
				INFOPLIST_KEY_UISupportedInterfaceOrientations_iPad = "UIInterfaceOrientationPortrait UIInterfaceOrientationPortraitUpsideDown UIInterfaceOrientationLandscapeLeft UIInterfaceOrientationLandscapeRight";
				INFOPLIST_KEY_UISupportedInterfaceOrientations_iPhone = "UIInterfaceOrientationPortrait UIInterfaceOrientationLandscapeLeft UIInterfaceOrientationLandscapeRight";
				IPHONEOS_DEPLOYMENT_TARGET = 18.4;
				LD_RUNPATH_SEARCH_PATHS = (
					"$(inherited)",
					"@executable_path/Frameworks",
				);
				MARKETING_VERSION = 1.0;
				PRODUCT_BUNDLE_IDENTIFIER = sg.swiftin.Camera;
				PRODUCT_NAME = "$(TARGET_NAME)";
				SDKROOT = iphoneos;
				SWIFT_EMIT_LOC_STRINGS = YES;
				SWIFT_VERSION = 5.0;
				TARGETED_DEVICE_FAMILY = "1,2";
			};
			name = Debug;
		};
		32A7B29F2DC7E5540038EAF3 /* Release */ = {
			isa = XCBuildConfiguration;
			buildSettings = {
				ASSETCATALOG_COMPILER_APPICON_NAME = AppIcon;
				ASSETCATALOG_COMPILER_GLOBAL_ACCENT_COLOR_NAME = AccentColor;
				CODE_SIGN_STYLE = Automatic;
				CURRENT_PROJECT_VERSION = 1;
				DEVELOPMENT_TEAM = XL5JK4F896;
				ENABLE_PREVIEWS = YES;
				GENERATE_INFOPLIST_FILE = YES;
				INFOPLIST_KEY_UIApplicationSceneManifest_Generation = YES;
				INFOPLIST_KEY_UIApplicationSupportsIndirectInputEvents = YES;
				INFOPLIST_KEY_UILaunchScreen_Generation = YES;
				INFOPLIST_KEY_UISupportedInterfaceOrientations_iPad = "UIInterfaceOrientationPortrait UIInterfaceOrientationPortraitUpsideDown UIInterfaceOrientationLandscapeLeft UIInterfaceOrientationLandscapeRight";
				INFOPLIST_KEY_UISupportedInterfaceOrientations_iPhone = "UIInterfaceOrientationPortrait UIInterfaceOrientationLandscapeLeft UIInterfaceOrientationLandscapeRight";
				IPHONEOS_DEPLOYMENT_TARGET = 18.4;
				LD_RUNPATH_SEARCH_PATHS = (
					"$(inherited)",
					"@executable_path/Frameworks",
				);
				MARKETING_VERSION = 1.0;
				PRODUCT_BUNDLE_IDENTIFIER = sg.swiftin.Camera;
				PRODUCT_NAME = "$(TARGET_NAME)";
				SDKROOT = iphoneos;
				SWIFT_EMIT_LOC_STRINGS = YES;
				SWIFT_VERSION = 5.0;
				TARGETED_DEVICE_FAMILY = "1,2";
				VALIDATE_PRODUCT = YES;
			};
			name = Release;
		};
/* End XCBuildConfiguration section */

/* Begin XCConfigurationList section */
		3265F34C2DC74955006D8BFD /* Build configuration list for PBXProject "Look Left Look Right" */ = {
			isa = XCConfigurationList;
			buildConfigurations = (
				3265F35B2DC74957006D8BFD /* Debug */,
				3265F35C2DC74957006D8BFD /* Release */,
			);
			defaultConfigurationIsVisible = 0;
			defaultConfigurationName = Release;
		};
		3265F35D2DC74957006D8BFD /* Build configuration list for PBXNativeTarget "Look Left Look Right" */ = {
			isa = XCConfigurationList;
			buildConfigurations = (
				3265F35E2DC74957006D8BFD /* Debug */,
				3265F35F2DC74957006D8BFD /* Release */,
			);
			defaultConfigurationIsVisible = 0;
			defaultConfigurationName = Release;
		};
		3265F3722DC74A3B006D8BFD /* Build configuration list for PBXNativeTarget "Floor" */ = {
			isa = XCConfigurationList;
			buildConfigurations = (
				3265F3732DC74A3B006D8BFD /* Debug */,
				3265F3742DC74A3B006D8BFD /* Release */,
			);
			defaultConfigurationIsVisible = 0;
			defaultConfigurationName = Release;
		};
		32A7B2782DC7BE0C0038EAF3 /* Build configuration list for PBXNativeTarget "Scan" */ = {
			isa = XCConfigurationList;
			buildConfigurations = (
				32A7B2792DC7BE0C0038EAF3 /* Debug */,
				32A7B27A2DC7BE0C0038EAF3 /* Release */,
			);
			defaultConfigurationIsVisible = 0;
			defaultConfigurationName = Release;
		};
		32A7B29D2DC7E5540038EAF3 /* Build configuration list for PBXNativeTarget "Camera" */ = {
			isa = XCConfigurationList;
			buildConfigurations = (
				32A7B29E2DC7E5540038EAF3 /* Debug */,
				32A7B29F2DC7E5540038EAF3 /* Release */,
			);
			defaultConfigurationIsVisible = 0;
			defaultConfigurationName = Release;
		};
/* End XCConfigurationList section */

/* Begin XCRemoteSwiftPackageReference section */
		14D2C3952DC90FB300B7BE46 /* XCRemoteSwiftPackageReference "SwiftUINFC" */ = {
			isa = XCRemoteSwiftPackageReference;
			repositoryURL = "https://github.com/swiftinsg/SwiftUINFC.git";
			requirement = {
				kind = upToNextMajorVersion;
				minimumVersion = 1.0.0;
			};
		};
		3265F3602DC7499E006D8BFD /* XCRemoteSwiftPackageReference "vapor" */ = {
			isa = XCRemoteSwiftPackageReference;
			repositoryURL = "https://github.com/vapor/vapor";
			requirement = {
				kind = upToNextMajorVersion;
				minimumVersion = 4.114.1;
			};
		};
/* End XCRemoteSwiftPackageReference section */

/* Begin XCSwiftPackageProductDependency section */
		14D2C3962DC90FB300B7BE46 /* SwiftUINFC */ = {
			isa = XCSwiftPackageProductDependency;
			package = 14D2C3952DC90FB300B7BE46 /* XCRemoteSwiftPackageReference "SwiftUINFC" */;
			productName = SwiftUINFC;
		};
		3265F3612DC7499E006D8BFD /* Vapor */ = {
			isa = XCSwiftPackageProductDependency;
			package = 3265F3602DC7499E006D8BFD /* XCRemoteSwiftPackageReference "vapor" */;
			productName = Vapor;
		};
/* End XCSwiftPackageProductDependency section */
	};
	rootObject = 3265F3492DC74955006D8BFD /* Project object */;
}
